<Solution>
  <Project Path="AuthSTI.API/AuthSTI.API.csproj" Id="f6e4aad0-db77-4c1d-846b-ca4e587a6cf8" />
  <Project Path="AuthSTI.Application/AuthSTI.Application.csproj" Id="a06fd721-9d6f-412e-9652-1ef04be4bd76" />
  <Project Path="AuthSTI.Domain/AuthSTI.Domain.csproj" />
  <Project Path="AuthSTI.Infrastructure/AuthSTI.Infrastructure.csproj" />
</Solution>
